
Microsoft Visual Studio Solution File, Format Version 12.00
# Visual Studio Version 16
VisualStudioVersion = 16.0.31911.196
MinimumVisualStudioVersion = 10.0.40219.1
Project("{FAE04EC0-301F-11D3-BF4B-00C04F79EFBC}") = "WcfUser", "WcfUser\WcfUser.csproj", "{5014DD28-9718-4833-9396-6066A76E18CB}"
EndProject
Project("{FAE04EC0-301F-11D3-BF4B-00C04F79EFBC}") = "UserClient", "UserClient\UserClient.csproj", "{0DE921A0-4B85-4CB3-A639-D4E4186D6282}"
EndProject
Global
	GlobalSection(SolutionConfigurationPlatforms) = preSolution
		Debug|Any CPU = Debug|Any CPU
		Release|Any CPU = Release|Any CPU
	EndGlobalSection
	GlobalSection(ProjectConfigurationPlatforms) = postSolution
		{5014DD28-9718-4833-9396-6066A76E18CB}.Debug|Any CPU.ActiveCfg = Debug|Any CPU
		{5014DD28-9718-4833-9396-6066A76E18CB}.Debug|Any CPU.Build.0 = Debug|Any CPU
		{5014DD28-9718-4833-9396-6066A76E18CB}.Release|Any CPU.ActiveCfg = Release|Any CPU
		{5014DD28-9718-4833-9396-6066A76E18CB}.Release|Any CPU.Build.0 = Release|Any CPU
		{0DE921A0-4B85-4CB3-A639-D4E4186D6282}.Debug|Any CPU.ActiveCfg = Debug|Any CPU
		{0DE921A0-4B85-4CB3-A639-D4E4186D6282}.Debug|Any CPU.Build.0 = Debug|Any CPU
		{0DE921A0-4B85-4CB3-A639-D4E4186D6282}.Release|Any CPU.ActiveCfg = Release|Any CPU
		{0DE921A0-4B85-4CB3-A639-D4E4186D6282}.Release|Any CPU.Build.0 = Release|Any CPU
	EndGlobalSection
	GlobalSection(SolutionProperties) = preSolution
		HideSolutionNode = FALSE
	EndGlobalSection
	GlobalSection(ExtensibilityGlobals) = postSolution
		SolutionGuid = {2FDC09D9-48A7-408D-A118-49D8E5F1D349}
	EndGlobalSection
EndGlobal
